
Microsoft Visual Studio Solution File, Format Version 12.00
# Visual Studio Version 17
VisualStudioVersion = 17.9.34728.123
MinimumVisualStudioVersion = 10.0.40219.1
Project("{8BC9CEB8-8B4A-11D0-8D11-00A0C91BC942}") = "CalculResistors", "CalculResistors.vcxproj", "{CC2B09CA-B37B-4046-8232-D2F7CD576A8F}"
EndProject
Global
	GlobalSection(SolutionConfigurationPlatforms) = preSolution
		Debug|x64 = Debug|x64
		Debug|x86 = Debug|x86
		Release|x64 = Release|x64
		Release|x86 = Release|x86
	EndGlobalSection
	GlobalSection(ProjectConfigurationPlatforms) = postSolution
		{CC2B09CA-B37B-4046-8232-D2F7CD576A8F}.Debug|x64.ActiveCfg = Debug|x64
		{CC2B09CA-B37B-4046-8232-D2F7CD576A8F}.Debug|x64.Build.0 = Debug|x64
		{CC2B09CA-B37B-4046-8232-D2F7CD576A8F}.Debug|x86.ActiveCfg = Debug|Win32
		{CC2B09CA-B37B-4046-8232-D2F7CD576A8F}.Debug|x86.Build.0 = Debug|Win32
		{CC2B09CA-B37B-4046-8232-D2F7CD576A8F}.Release|x64.ActiveCfg = Release|x64
		{CC2B09CA-B37B-4046-8232-D2F7CD576A8F}.Release|x64.Build.0 = Release|x64
		{CC2B09CA-B37B-4046-8232-D2F7CD576A8F}.Release|x86.ActiveCfg = Release|Win32
		{CC2B09CA-B37B-4046-8232-D2F7CD576A8F}.Release|x86.Build.0 = Release|Win32
	EndGlobalSection
	GlobalSection(SolutionProperties) = preSolution
		HideSolutionNode = FALSE
	EndGlobalSection
	GlobalSection(ExtensibilityGlobals) = postSolution
		SolutionGuid = {95E8FC12-EC98-4164-A68D-DC7D9ACD38B0}
	EndGlobalSection
EndGlobal
